
Microsoft Visual Studio Solution File, Format Version 12.00
# Visual Studio Version 17
VisualStudioVersion = 17.8.34330.188
MinimumVisualStudioVersion = 10.0.40219.1
Project("{2150E333-8FDC-42A3-9474-1A3956D46DE8}") = "Services", "Services", "{05BECA5E-FAC9-4872-9EF2-A74AD43EA08B}"
EndProject
Project("{2150E333-8FDC-42A3-9474-1A3956D46DE8}") = "Catalog", "Catalog", "{72937788-DF5B-47DC-8CED-F6D601EF5CC2}"
EndProject
Project("{9A19103F-16F7-4668-BE54-9A1E7A4F7556}") = "Catalog.API", "Services\Catalog\Catalog.API\Catalog.API.csproj", "{5084D00F-CE1F-4E6A-8E7C-F8233C9B581E}"
EndProject
Project("{2150E333-8FDC-42A3-9474-1A3956D46DE8}") = "BuildingBlocks", "BuildingBlocks", "{1B2C8A4D-2348-4D37-B8BF-6658325CFBB0}"
EndProject
Project("{9A19103F-16F7-4668-BE54-9A1E7A4F7556}") = "BuildingBlocks", "BuildingBlocks\BuildingBlocks\BuildingBlocks.csproj", "{A79E03C4-4E71-49E1-B450-3D15F3D53FD5}"
EndProject
Project("{E53339B2-1760-4266-BCC7-CA923CBCF16C}") = "docker-compose", "docker-compose.dcproj", "{014BA578-D770-4495-831C-9851443A555E}"
EndProject
Project("{2150E333-8FDC-42A3-9474-1A3956D46DE8}") = "Basket", "Basket", "{4F0E7329-3C86-49D8-BE28-31D0E8C56498}"
EndProject
Project("{9A19103F-16F7-4668-BE54-9A1E7A4F7556}") = "Basket.API", "Services\Basket\Basket.API\Basket.API.csproj", "{B8F57D1C-AED7-42BE-AAD7-718FAC0F2D87}"
EndProject
Project("{9A19103F-16F7-4668-BE54-9A1E7A4F7556}") = "Discount.Grpc", "Services\Discount\Discount.Grpc\Discount.Grpc.csproj", "{50B01FCD-86DF-480F-ACDC-BA5FFBAE58B0}"
EndProject
Project("{2150E333-8FDC-42A3-9474-1A3956D46DE8}") = "Discount", "Discount", "{2D88DE12-4439-41B4-A6EF-55A9EB23B038}"
EndProject
Project("{2150E333-8FDC-42A3-9474-1A3956D46DE8}") = "Ordering", "Ordering", "{817B2990-0FC1-4171-9C20-8F807CBC52F1}"
EndProject
Project("{9A19103F-16F7-4668-BE54-9A1E7A4F7556}") = "Ordering.API", "Services\Ordering\OrderingAPI\Ordering.API.csproj", "{E9D8142A-E2C7-442F-9A38-832C55A81517}"
EndProject
Project("{9A19103F-16F7-4668-BE54-9A1E7A4F7556}") = "Ordering.Domain", "Services\Ordering\Ordering.Domain\Ordering.Domain.csproj", "{5536B77B-5CB8-4F3F-B884-E050EA1164B7}"
EndProject
Project("{9A19103F-16F7-4668-BE54-9A1E7A4F7556}") = "Ordering.Application", "Services\Ordering\Ordering.Application\Ordering.Application.csproj", "{0B11F41C-BF7A-422A-AB2C-68763549EB10}"
EndProject
Project("{9A19103F-16F7-4668-BE54-9A1E7A4F7556}") = "Ordering.Infrastructure", "Services\Ordering\Ordering.Infrastructure\Ordering.Infrastructure.csproj", "{62EEF5EB-DFA7-45F0-B5FB-70EAD47075DF}"
EndProject
Global
	GlobalSection(SolutionConfigurationPlatforms) = preSolution
		Debug|Any CPU = Debug|Any CPU
		Release|Any CPU = Release|Any CPU
	EndGlobalSection
	GlobalSection(ProjectConfigurationPlatforms) = postSolution
		{5084D00F-CE1F-4E6A-8E7C-F8233C9B581E}.Debug|Any CPU.ActiveCfg = Debug|Any CPU
		{5084D00F-CE1F-4E6A-8E7C-F8233C9B581E}.Debug|Any CPU.Build.0 = Debug|Any CPU
		{5084D00F-CE1F-4E6A-8E7C-F8233C9B581E}.Release|Any CPU.ActiveCfg = Release|Any CPU
		{5084D00F-CE1F-4E6A-8E7C-F8233C9B581E}.Release|Any CPU.Build.0 = Release|Any CPU
		{A79E03C4-4E71-49E1-B450-3D15F3D53FD5}.Debug|Any CPU.ActiveCfg = Debug|Any CPU
		{A79E03C4-4E71-49E1-B450-3D15F3D53FD5}.Debug|Any CPU.Build.0 = Debug|Any CPU
		{A79E03C4-4E71-49E1-B450-3D15F3D53FD5}.Release|Any CPU.ActiveCfg = Release|Any CPU
		{A79E03C4-4E71-49E1-B450-3D15F3D53FD5}.Release|Any CPU.Build.0 = Release|Any CPU
		{014BA578-D770-4495-831C-9851443A555E}.Debug|Any CPU.ActiveCfg = Debug|Any CPU
		{014BA578-D770-4495-831C-9851443A555E}.Debug|Any CPU.Build.0 = Debug|Any CPU
		{014BA578-D770-4495-831C-9851443A555E}.Release|Any CPU.ActiveCfg = Release|Any CPU
		{014BA578-D770-4495-831C-9851443A555E}.Release|Any CPU.Build.0 = Release|Any CPU
		{B8F57D1C-AED7-42BE-AAD7-718FAC0F2D87}.Debug|Any CPU.ActiveCfg = Debug|Any CPU
		{B8F57D1C-AED7-42BE-AAD7-718FAC0F2D87}.Debug|Any CPU.Build.0 = Debug|Any CPU
		{B8F57D1C-AED7-42BE-AAD7-718FAC0F2D87}.Release|Any CPU.ActiveCfg = Release|Any CPU
		{B8F57D1C-AED7-42BE-AAD7-718FAC0F2D87}.Release|Any CPU.Build.0 = Release|Any CPU
		{50B01FCD-86DF-480F-ACDC-BA5FFBAE58B0}.Debug|Any CPU.ActiveCfg = Debug|Any CPU
		{50B01FCD-86DF-480F-ACDC-BA5FFBAE58B0}.Debug|Any CPU.Build.0 = Debug|Any CPU
		{50B01FCD-86DF-480F-ACDC-BA5FFBAE58B0}.Release|Any CPU.ActiveCfg = Release|Any CPU
		{50B01FCD-86DF-480F-ACDC-BA5FFBAE58B0}.Release|Any CPU.Build.0 = Release|Any CPU
		{E9D8142A-E2C7-442F-9A38-832C55A81517}.Debug|Any CPU.ActiveCfg = Debug|Any CPU
		{E9D8142A-E2C7-442F-9A38-832C55A81517}.Debug|Any CPU.Build.0 = Debug|Any CPU
		{E9D8142A-E2C7-442F-9A38-832C55A81517}.Release|Any CPU.ActiveCfg = Release|Any CPU
		{E9D8142A-E2C7-442F-9A38-832C55A81517}.Release|Any CPU.Build.0 = Release|Any CPU
		{5536B77B-5CB8-4F3F-B884-E050EA1164B7}.Debug|Any CPU.ActiveCfg = Debug|Any CPU
		{5536B77B-5CB8-4F3F-B884-E050EA1164B7}.Debug|Any CPU.Build.0 = Debug|Any CPU
		{5536B77B-5CB8-4F3F-B884-E050EA1164B7}.Release|Any CPU.ActiveCfg = Release|Any CPU
		{5536B77B-5CB8-4F3F-B884-E050EA1164B7}.Release|Any CPU.Build.0 = Release|Any CPU
		{0B11F41C-BF7A-422A-AB2C-68763549EB10}.Debug|Any CPU.ActiveCfg = Debug|Any CPU
		{0B11F41C-BF7A-422A-AB2C-68763549EB10}.Debug|Any CPU.Build.0 = Debug|Any CPU
		{0B11F41C-BF7A-422A-AB2C-68763549EB10}.Release|Any CPU.ActiveCfg = Release|Any CPU
		{0B11F41C-BF7A-422A-AB2C-68763549EB10}.Release|Any CPU.Build.0 = Release|Any CPU
		{62EEF5EB-DFA7-45F0-B5FB-70EAD47075DF}.Debug|Any CPU.ActiveCfg = Debug|Any CPU
		{62EEF5EB-DFA7-45F0-B5FB-70EAD47075DF}.Debug|Any CPU.Build.0 = Debug|Any CPU
		{62EEF5EB-DFA7-45F0-B5FB-70EAD47075DF}.Release|Any CPU.ActiveCfg = Release|Any CPU
		{62EEF5EB-DFA7-45F0-B5FB-70EAD47075DF}.Release|Any CPU.Build.0 = Release|Any CPU
	EndGlobalSection
	GlobalSection(SolutionProperties) = preSolution
		HideSolutionNode = FALSE
	EndGlobalSection
	GlobalSection(NestedProjects) = preSolution
		{72937788-DF5B-47DC-8CED-F6D601EF5CC2} = {05BECA5E-FAC9-4872-9EF2-A74AD43EA08B}
		{5084D00F-CE1F-4E6A-8E7C-F8233C9B581E} = {72937788-DF5B-47DC-8CED-F6D601EF5CC2}
		{A79E03C4-4E71-49E1-B450-3D15F3D53FD5} = {1B2C8A4D-2348-4D37-B8BF-6658325CFBB0}
		{4F0E7329-3C86-49D8-BE28-31D0E8C56498} = {05BECA5E-FAC9-4872-9EF2-A74AD43EA08B}
		{B8F57D1C-AED7-42BE-AAD7-718FAC0F2D87} = {4F0E7329-3C86-49D8-BE28-31D0E8C56498}
		{50B01FCD-86DF-480F-ACDC-BA5FFBAE58B0} = {2D88DE12-4439-41B4-A6EF-55A9EB23B038}
		{2D88DE12-4439-41B4-A6EF-55A9EB23B038} = {05BECA5E-FAC9-4872-9EF2-A74AD43EA08B}
		{817B2990-0FC1-4171-9C20-8F807CBC52F1} = {05BECA5E-FAC9-4872-9EF2-A74AD43EA08B}
		{E9D8142A-E2C7-442F-9A38-832C55A81517} = {817B2990-0FC1-4171-9C20-8F807CBC52F1}
		{5536B77B-5CB8-4F3F-B884-E050EA1164B7} = {817B2990-0FC1-4171-9C20-8F807CBC52F1}
		{0B11F41C-BF7A-422A-AB2C-68763549EB10} = {817B2990-0FC1-4171-9C20-8F807CBC52F1}
		{62EEF5EB-DFA7-45F0-B5FB-70EAD47075DF} = {817B2990-0FC1-4171-9C20-8F807CBC52F1}
	EndGlobalSection
	GlobalSection(ExtensibilityGlobals) = postSolution
		SolutionGuid = {F73F1057-E52C-44B3-96F5-C7F4A754D460}
	EndGlobalSection
EndGlobal
